
Microsoft Visual Studio Solution File, Format Version 12.00
# Visual Studio Version 17
VisualStudioVersion = 17.4.33213.308
MinimumVisualStudioVersion = 10.0.40219.1
Project("{FAE04EC0-301F-11D3-BF4B-00C04F79EFBC}") = "NBoardLocalGameServer", "NBoardLocalGameServer\NBoardLocalGameServer.csproj", "{361358D2-EE56-4C5C-90E4-32A54D43D45E}"
EndProject
Global
	GlobalSection(SolutionConfigurationPlatforms) = preSolution
		Debug|Any CPU = Debug|Any CPU
		Release|Any CPU = Release|Any CPU
	EndGlobalSection
	GlobalSection(ProjectConfigurationPlatforms) = postSolution
		{361358D2-EE56-4C5C-90E4-32A54D43D45E}.Debug|Any CPU.ActiveCfg = Debug|Any CPU
		{361358D2-EE56-4C5C-90E4-32A54D43D45E}.Debug|Any CPU.Build.0 = Debug|Any CPU
		{361358D2-EE56-4C5C-90E4-32A54D43D45E}.Release|Any CPU.ActiveCfg = Release|Any CPU
		{361358D2-EE56-4C5C-90E4-32A54D43D45E}.Release|Any CPU.Build.0 = Release|Any CPU
	EndGlobalSection
	GlobalSection(SolutionProperties) = preSolution
		HideSolutionNode = FALSE
	EndGlobalSection
	GlobalSection(ExtensibilityGlobals) = postSolution
		SolutionGuid = {91C51574-9A28-40E7-84C2-C4FFF4ED3703}
	EndGlobalSection
EndGlobal
